{
  "originHash" : "b6ca7fed291cd7eb0e322966fbd11af76b1907f673376abfba9f5a1f17b353e3",
  "pins" : [
    {
      "identity" : "phonon-coreml",
      "kind" : "remoteSourceControl",
      "location" : "https://github.com/fermionresearch/phonon-coreml.git",
      "state" : {
        "revision" : "464ae57460fed61d4feb6f2a7424b5be1213accb"
      }
    }
  ],
  "version" : 3
}
